
Microsoft Visual Studio Solution File, Format Version 12.00
# Visual Studio Version 17
VisualStudioVersion = 17.8.34316.72
MinimumVisualStudioVersion = 10.0.40219.1
Project("{2150E333-8FDC-42A3-9474-1A3956D46DE8}") = "src", "src", "{CAA56D54-67FE-409A-8553-595320E88806}"
EndProject
Project("{2150E333-8FDC-42A3-9474-1A3956D46DE8}") = "test", "test", "{1B720568-F541-41C9-81BF-36C85D156F69}"
EndProject
Project("{9A19103F-16F7-4668-BE54-9A1E7A4F7556}") = "Northwind.Common", "Northwind.Common\Northwind.Common.csproj", "{172BFCD2-20AB-48C6-A5AB-9B90920852C2}"
EndProject
Project("{9A19103F-16F7-4668-BE54-9A1E7A4F7556}") = "Northwind.UnitTests", "Northwind.UnitTests\Northwind.UnitTests.csproj", "{3CD3E47F-D200-43C1-B4CB-8FB2024AB1E9}"
EndProject
Project("{9A19103F-16F7-4668-BE54-9A1E7A4F7556}") = "Northwind.EntityModels.Sqlite", "Northwind.EntityModels.Sqlite\Northwind.EntityModels.Sqlite.csproj", "{920C21B3-A5AA-4422-9194-331220C0599C}"
EndProject
Project("{9A19103F-16F7-4668-BE54-9A1E7A4F7556}") = "Northwind.DataContext.Sqlite", "Northwind.DataContext.Sqlite\Northwind.DataContext.Sqlite.csproj", "{B43F59C6-2482-4188-A061-F4C03CBF6B1B}"
EndProject
Project("{FAE04EC0-301F-11D3-BF4B-00C04F79EFBC}") = "Northwind.Web", "Northwind.Web\Northwind.Web.csproj", "{B7F80347-42C8-46FE-BDEE-335FFB4C812C}"
EndProject
Global
	GlobalSection(SolutionConfigurationPlatforms) = preSolution
		Debug|Any CPU = Debug|Any CPU
		Release|Any CPU = Release|Any CPU
	EndGlobalSection
	GlobalSection(ProjectConfigurationPlatforms) = postSolution
		{172BFCD2-20AB-48C6-A5AB-9B90920852C2}.Debug|Any CPU.ActiveCfg = Debug|Any CPU
		{172BFCD2-20AB-48C6-A5AB-9B90920852C2}.Debug|Any CPU.Build.0 = Debug|Any CPU
		{172BFCD2-20AB-48C6-A5AB-9B90920852C2}.Release|Any CPU.ActiveCfg = Release|Any CPU
		{172BFCD2-20AB-48C6-A5AB-9B90920852C2}.Release|Any CPU.Build.0 = Release|Any CPU
		{3CD3E47F-D200-43C1-B4CB-8FB2024AB1E9}.Debug|Any CPU.ActiveCfg = Debug|Any CPU
		{3CD3E47F-D200-43C1-B4CB-8FB2024AB1E9}.Debug|Any CPU.Build.0 = Debug|Any CPU
		{3CD3E47F-D200-43C1-B4CB-8FB2024AB1E9}.Release|Any CPU.ActiveCfg = Release|Any CPU
		{3CD3E47F-D200-43C1-B4CB-8FB2024AB1E9}.Release|Any CPU.Build.0 = Release|Any CPU
		{920C21B3-A5AA-4422-9194-331220C0599C}.Debug|Any CPU.ActiveCfg = Debug|Any CPU
		{920C21B3-A5AA-4422-9194-331220C0599C}.Debug|Any CPU.Build.0 = Debug|Any CPU
		{920C21B3-A5AA-4422-9194-331220C0599C}.Release|Any CPU.ActiveCfg = Release|Any CPU
		{920C21B3-A5AA-4422-9194-331220C0599C}.Release|Any CPU.Build.0 = Release|Any CPU
		{B43F59C6-2482-4188-A061-F4C03CBF6B1B}.Debug|Any CPU.ActiveCfg = Debug|Any CPU
		{B43F59C6-2482-4188-A061-F4C03CBF6B1B}.Debug|Any CPU.Build.0 = Debug|Any CPU
		{B43F59C6-2482-4188-A061-F4C03CBF6B1B}.Release|Any CPU.ActiveCfg = Release|Any CPU
		{B43F59C6-2482-4188-A061-F4C03CBF6B1B}.Release|Any CPU.Build.0 = Release|Any CPU
		{B7F80347-42C8-46FE-BDEE-335FFB4C812C}.Debug|Any CPU.ActiveCfg = Debug|Any CPU
		{B7F80347-42C8-46FE-BDEE-335FFB4C812C}.Debug|Any CPU.Build.0 = Debug|Any CPU
		{B7F80347-42C8-46FE-BDEE-335FFB4C812C}.Release|Any CPU.ActiveCfg = Release|Any CPU
		{B7F80347-42C8-46FE-BDEE-335FFB4C812C}.Release|Any CPU.Build.0 = Release|Any CPU
	EndGlobalSection
	GlobalSection(SolutionProperties) = preSolution
		HideSolutionNode = FALSE
	EndGlobalSection
	GlobalSection(NestedProjects) = preSolution
		{172BFCD2-20AB-48C6-A5AB-9B90920852C2} = {CAA56D54-67FE-409A-8553-595320E88806}
		{3CD3E47F-D200-43C1-B4CB-8FB2024AB1E9} = {1B720568-F541-41C9-81BF-36C85D156F69}
		{920C21B3-A5AA-4422-9194-331220C0599C} = {CAA56D54-67FE-409A-8553-595320E88806}
		{B43F59C6-2482-4188-A061-F4C03CBF6B1B} = {CAA56D54-67FE-409A-8553-595320E88806}
		{B7F80347-42C8-46FE-BDEE-335FFB4C812C} = {CAA56D54-67FE-409A-8553-595320E88806}
	EndGlobalSection
	GlobalSection(ExtensibilityGlobals) = postSolution
		SolutionGuid = {CD90BF86-722F-4503-AB17-565F0A4F99BE}
	EndGlobalSection
EndGlobal
